// !$*UTF8*$!
{
	archiveVersion = 1;
	classes = {
	};
	objectVersion = 56;
	objects = {

/* Begin PBXBuildFile section */
		77075D3A2B0149DE00E27CF0 /* ProfileViewController.swift in Sources */ = {isa = PBXBuildFile; fileRef = 77075D392B0149DE00E27CF0 /* ProfileViewController.swift */; };
		7715397F2B0170600031015D /* SingleImageViewController.swift in Sources */ = {isa = PBXBuildFile; fileRef = 7715397E2B0170600031015D /* SingleImageViewController.swift */; };
		774023C12B33A7BC0078DE58 /* UIBlockingProgressHUD.swift in Sources */ = {isa = PBXBuildFile; fileRef = 774023C02B33A7BC0078DE58 /* UIBlockingProgressHUD.swift */; };
		774023C32B3455EC0078DE58 /* ProfileService.swift in Sources */ = {isa = PBXBuildFile; fileRef = 774023C22B3455EC0078DE58 /* ProfileService.swift */; };
		774023C72B3457980078DE58 /* Profile.swift in Sources */ = {isa = PBXBuildFile; fileRef = 774023C62B3457980078DE58 /* Profile.swift */; };
		774023C92B34BAF50078DE58 /* ProfileImageService.swift in Sources */ = {isa = PBXBuildFile; fileRef = 774023C82B34BAF50078DE58 /* ProfileImageService.swift */; };
		774023CC2B34F6C30078DE58 /* URLSession.swift in Sources */ = {isa = PBXBuildFile; fileRef = 774023CB2B34F6C30078DE58 /* URLSession.swift */; };
		774023CF2B350DE60078DE58 /* Kingfisher in Frameworks */ = {isa = PBXBuildFile; productRef = 774023CE2B350DE60078DE58 /* Kingfisher */; };
		774023D22B35189E0078DE58 /* SwiftKeychainWrapper in Frameworks */ = {isa = PBXBuildFile; productRef = 774023D12B35189E0078DE58 /* SwiftKeychainWrapper */; };
		774023D42B363FAD0078DE58 /* TabBarController.swift in Sources */ = {isa = PBXBuildFile; fileRef = 774023D32B363FAD0078DE58 /* TabBarController.swift */; };
		774023D62B3710B70078DE58 /* NetworkError.swift in Sources */ = {isa = PBXBuildFile; fileRef = 774023D52B3710B70078DE58 /* NetworkError.swift */; };
		774023D82B37117B0078DE58 /* URLRequest.swift in Sources */ = {isa = PBXBuildFile; fileRef = 774023D72B37117B0078DE58 /* URLRequest.swift */; };
		774023DB2B3714790078DE58 /* ProfileResult.swift in Sources */ = {isa = PBXBuildFile; fileRef = 774023DA2B3714790078DE58 /* ProfileResult.swift */; };
		774023DD2B3714980078DE58 /* UserResult.swift in Sources */ = {isa = PBXBuildFile; fileRef = 774023DC2B3714980078DE58 /* UserResult.swift */; };
		774023DF2B3714B30078DE58 /* OAuthTokenResponseBody.swift in Sources */ = {isa = PBXBuildFile; fileRef = 774023DE2B3714B30078DE58 /* OAuthTokenResponseBody.swift */; };
		774023E12B3976810078DE58 /* ImagesListService.swift in Sources */ = {isa = PBXBuildFile; fileRef = 774023E02B3976810078DE58 /* ImagesListService.swift */; };
		774023E32B39773E0078DE58 /* PhotoResult.swift in Sources */ = {isa = PBXBuildFile; fileRef = 774023E22B39773E0078DE58 /* PhotoResult.swift */; };
		774023E52B39958C0078DE58 /* Photo.swift in Sources */ = {isa = PBXBuildFile; fileRef = 774023E42B39958C0078DE58 /* Photo.swift */; };
		774023E72B39C8A60078DE58 /* URLRequestImageList.swift in Sources */ = {isa = PBXBuildFile; fileRef = 774023E62B39C8A60078DE58 /* URLRequestImageList.swift */; };
		77450FAE2ADAFC6100A8C04D /* AppDelegate.swift in Sources */ = {isa = PBXBuildFile; fileRef = 77450FAD2ADAFC6100A8C04D /* AppDelegate.swift */; };
		77450FB02ADAFC6100A8C04D /* SceneDelegate.swift in Sources */ = {isa = PBXBuildFile; fileRef = 77450FAF2ADAFC6100A8C04D /* SceneDelegate.swift */; };
		77450FB22ADAFC6100A8C04D /* ImagesListViewController.swift in Sources */ = {isa = PBXBuildFile; fileRef = 77450FB12ADAFC6100A8C04D /* ImagesListViewController.swift */; };
		77450FB52ADAFC6100A8C04D /* Main.storyboard in Resources */ = {isa = PBXBuildFile; fileRef = 77450FB32ADAFC6100A8C04D /* Main.storyboard */; };
		77450FB72ADAFC6200A8C04D /* Assets.xcassets in Resources */ = {isa = PBXBuildFile; fileRef = 77450FB62ADAFC6200A8C04D /* Assets.xcassets */; };
		77450FBA2ADAFC6200A8C04D /* LaunchScreen.storyboard in Resources */ = {isa = PBXBuildFile; fileRef = 77450FB82ADAFC6200A8C04D /* LaunchScreen.storyboard */; };
		7782D7962B3EAC450002E3D8 /* isLikedResult.swift in Sources */ = {isa = PBXBuildFile; fileRef = 7782D7952B3EAC450002E3D8 /* isLikedResult.swift */; };
		77974E5D2B1364780083D88B /* ApiConstants.swift in Sources */ = {isa = PBXBuildFile; fileRef = 77974E5C2B1364780083D88B /* ApiConstants.swift */; };
		77BA99042AF65BF7005F69BC /* ImagesListCell.swift in Sources */ = {isa = PBXBuildFile; fileRef = 77BA99032AF65BF7005F69BC /* ImagesListCell.swift */; };
		77E4FED42B15142C00CCEC1F /* AuthViewController.swift in Sources */ = {isa = PBXBuildFile; fileRef = 77E4FED32B15142C00CCEC1F /* AuthViewController.swift */; };
		77E4FED62B15155B00CCEC1F /* WebViewViewController.swift in Sources */ = {isa = PBXBuildFile; fileRef = 77E4FED52B15155B00CCEC1F /* WebViewViewController.swift */; };
		77E4FED82B2BAA3D00CCEC1F /* OAuth2Service.swift in Sources */ = {isa = PBXBuildFile; fileRef = 77E4FED72B2BAA3D00CCEC1F /* OAuth2Service.swift */; };
		77E4FEDA2B2F77C200CCEC1F /* OAuth2TokenStorage.swift in Sources */ = {isa = PBXBuildFile; fileRef = 77E4FED92B2F77C200CCEC1F /* OAuth2TokenStorage.swift */; };
		77E4FEE12B30F24600CCEC1F /* SplashViewController.swift in Sources */ = {isa = PBXBuildFile; fileRef = 77E4FEE02B30F24600CCEC1F /* SplashViewController.swift */; };
		77E4FEE42B310CEB00CCEC1F /* ProgressHUD in Frameworks */ = {isa = PBXBuildFile; productRef = 77E4FEE32B310CEB00CCEC1F /* ProgressHUD */; };
/* End PBXBuildFile section */

/* Begin PBXContainerItemProxy section */
		774023F22B3A20670078DE58 /* PBXContainerItemProxy */ = {
			isa = PBXContainerItemProxy;
			containerPortal = 77450FA22ADAFC6100A8C04D /* Project object */;
			proxyType = 1;
			remoteGlobalIDString = 77450FA92ADAFC6100A8C04D;
			remoteInfo = ImageFeed;
		};
/* End PBXContainerItemProxy section */

/* Begin PBXFileReference section */
		77075D392B0149DE00E27CF0 /* ProfileViewController.swift */ = {isa = PBXFileReference; lastKnownFileType = sourcecode.swift; path = ProfileViewController.swift; sourceTree = "<group>"; };
		7715397E2B0170600031015D /* SingleImageViewController.swift */ = {isa = PBXFileReference; lastKnownFileType = sourcecode.swift; path = SingleImageViewController.swift; sourceTree = "<group>"; };
		774023C02B33A7BC0078DE58 /* UIBlockingProgressHUD.swift */ = {isa = PBXFileReference; lastKnownFileType = sourcecode.swift; path = UIBlockingProgressHUD.swift; sourceTree = "<group>"; };
		774023C22B3455EC0078DE58 /* ProfileService.swift */ = {isa = PBXFileReference; lastKnownFileType = sourcecode.swift; path = ProfileService.swift; sourceTree = "<group>"; };
		774023C62B3457980078DE58 /* Profile.swift */ = {isa = PBXFileReference; lastKnownFileType = sourcecode.swift; path = Profile.swift; sourceTree = "<group>"; };
		774023C82B34BAF50078DE58 /* ProfileImageService.swift */ = {isa = PBXFileReference; lastKnownFileType = sourcecode.swift; path = ProfileImageService.swift; sourceTree = "<group>"; };
		774023CB2B34F6C30078DE58 /* URLSession.swift */ = {isa = PBXFileReference; lastKnownFileType = sourcecode.swift; path = URLSession.swift; sourceTree = "<group>"; };
		774023D32B363FAD0078DE58 /* TabBarController.swift */ = {isa = PBXFileReference; lastKnownFileType = sourcecode.swift; path = TabBarController.swift; sourceTree = "<group>"; };
		774023D52B3710B70078DE58 /* NetworkError.swift */ = {isa = PBXFileReference; lastKnownFileType = sourcecode.swift; path = NetworkError.swift; sourceTree = "<group>"; };
		774023D72B37117B0078DE58 /* URLRequest.swift */ = {isa = PBXFileReference; lastKnownFileType = sourcecode.swift; path = URLRequest.swift; sourceTree = "<group>"; };
		774023DA2B3714790078DE58 /* ProfileResult.swift */ = {isa = PBXFileReference; lastKnownFileType = sourcecode.swift; path = ProfileResult.swift; sourceTree = "<group>"; };
		774023DC2B3714980078DE58 /* UserResult.swift */ = {isa = PBXFileReference; lastKnownFileType = sourcecode.swift; path = UserResult.swift; sourceTree = "<group>"; };
		774023DE2B3714B30078DE58 /* OAuthTokenResponseBody.swift */ = {isa = PBXFileReference; lastKnownFileType = sourcecode.swift; path = OAuthTokenResponseBody.swift; sourceTree = "<group>"; };
		774023E02B3976810078DE58 /* ImagesListService.swift */ = {isa = PBXFileReference; lastKnownFileType = sourcecode.swift; path = ImagesListService.swift; sourceTree = "<group>"; };
		774023E22B39773E0078DE58 /* PhotoResult.swift */ = {isa = PBXFileReference; lastKnownFileType = sourcecode.swift; path = PhotoResult.swift; sourceTree = "<group>"; };
		774023E42B39958C0078DE58 /* Photo.swift */ = {isa = PBXFileReference; lastKnownFileType = sourcecode.swift; path = Photo.swift; sourceTree = "<group>"; };
		774023E62B39C8A60078DE58 /* URLRequestImageList.swift */ = {isa = PBXFileReference; lastKnownFileType = sourcecode.swift; path = URLRequestImageList.swift; sourceTree = "<group>"; };
		774023EE2B3A20670078DE58 /* ImageFeedTests.xctest */ = {isa = PBXFileReference; explicitFileType = wrapper.cfbundle; includeInIndex = 0; path = ImageFeedTests.xctest; sourceTree = BUILT_PRODUCTS_DIR; };
		77450FAA2ADAFC6100A8C04D /* ImageFeed.app */ = {isa = PBXFileReference; explicitFileType = wrapper.application; includeInIndex = 0; path = ImageFeed.app; sourceTree = BUILT_PRODUCTS_DIR; };
		77450FAD2ADAFC6100A8C04D /* AppDelegate.swift */ = {isa = PBXFileReference; lastKnownFileType = sourcecode.swift; path = AppDelegate.swift; sourceTree = "<group>"; };
		77450FAF2ADAFC6100A8C04D /* SceneDelegate.swift */ = {isa = PBXFileReference; lastKnownFileType = sourcecode.swift; path = SceneDelegate.swift; sourceTree = "<group>"; };
		77450FB12ADAFC6100A8C04D /* ImagesListViewController.swift */ = {isa = PBXFileReference; lastKnownFileType = sourcecode.swift; path = ImagesListViewController.swift; sourceTree = "<group>"; };
		77450FB42ADAFC6100A8C04D /* Base */ = {isa = PBXFileReference; lastKnownFileType = file.storyboard; name = Base; path = Base.lproj/Main.storyboard; sourceTree = "<group>"; };
		77450FB62ADAFC6200A8C04D /* Assets.xcassets */ = {isa = PBXFileReference; lastKnownFileType = folder.assetcatalog; path = Assets.xcassets; sourceTree = "<group>"; };
		77450FB92ADAFC6200A8C04D /* Base */ = {isa = PBXFileReference; lastKnownFileType = file.storyboard; name = Base; path = Base.lproj/LaunchScreen.storyboard; sourceTree = "<group>"; };
		77450FBB2ADAFC6200A8C04D /* Info.plist */ = {isa = PBXFileReference; lastKnownFileType = text.plist.xml; path = Info.plist; sourceTree = "<group>"; };
		7782D7952B3EAC450002E3D8 /* isLikedResult.swift */ = {isa = PBXFileReference; lastKnownFileType = sourcecode.swift; path = isLikedResult.swift; sourceTree = "<group>"; };
		77974E5C2B1364780083D88B /* ApiConstants.swift */ = {isa = PBXFileReference; lastKnownFileType = sourcecode.swift; path = ApiConstants.swift; sourceTree = "<group>"; };
		77BA99032AF65BF7005F69BC /* ImagesListCell.swift */ = {isa = PBXFileReference; lastKnownFileType = sourcecode.swift; path = ImagesListCell.swift; sourceTree = "<group>"; };
		77E4FED32B15142C00CCEC1F /* AuthViewController.swift */ = {isa = PBXFileReference; lastKnownFileType = sourcecode.swift; path = AuthViewController.swift; sourceTree = "<group>"; };
		77E4FED52B15155B00CCEC1F /* WebViewViewController.swift */ = {isa = PBXFileReference; lastKnownFileType = sourcecode.swift; path = WebViewViewController.swift; sourceTree = "<group>"; };
		77E4FED72B2BAA3D00CCEC1F /* OAuth2Service.swift */ = {isa = PBXFileReference; lastKnownFileType = sourcecode.swift; path = OAuth2Service.swift; sourceTree = "<group>"; };
		77E4FED92B2F77C200CCEC1F /* OAuth2TokenStorage.swift */ = {isa = PBXFileReference; lastKnownFileType = sourcecode.swift; path = OAuth2TokenStorage.swift; sourceTree = "<group>"; };
		77E4FEE02B30F24600CCEC1F /* SplashViewController.swift */ = {isa = PBXFileReference; lastKnownFileType = sourcecode.swift; path = SplashViewController.swift; sourceTree = "<group>"; };
/* End PBXFileReference section */

/* Begin PBXFrameworksBuildPhase section */
		774023EB2B3A20670078DE58 /* Frameworks */ = {
			isa = PBXFrameworksBuildPhase;
			buildActionMask = 2147483647;
			files = (
			);
			runOnlyForDeploymentPostprocessing = 0;
		};
		77450FA72ADAFC6100A8C04D /* Frameworks */ = {
			isa = PBXFrameworksBuildPhase;
			buildActionMask = 2147483647;
			files = (
				774023CF2B350DE60078DE58 /* Kingfisher in Frameworks */,
				77E4FEE42B310CEB00CCEC1F /* ProgressHUD in Frameworks */,
				774023D22B35189E0078DE58 /* SwiftKeychainWrapper in Frameworks */,
			);
			runOnlyForDeploymentPostprocessing = 0;
		};
/* End PBXFrameworksBuildPhase section */

/* Begin PBXGroup section */
		77075D382B0149C400E27CF0 /* Profile */ = {
			isa = PBXGroup;
			children = (
				77075D392B0149DE00E27CF0 /* ProfileViewController.swift */,
				774023C22B3455EC0078DE58 /* ProfileService.swift */,
				774023C82B34BAF50078DE58 /* ProfileImageService.swift */,
				774023C62B3457980078DE58 /* Profile.swift */,
			);
			path = Profile;
			sourceTree = "<group>";
		};
		774023CA2B34F6A40078DE58 /* Extension */ = {
			isa = PBXGroup;
			children = (
				774023CB2B34F6C30078DE58 /* URLSession.swift */,
				774023D52B3710B70078DE58 /* NetworkError.swift */,
				774023D72B37117B0078DE58 /* URLRequest.swift */,
				774023E62B39C8A60078DE58 /* URLRequestImageList.swift */,
			);
			path = Extension;
			sourceTree = "<group>";
		};
		774023D92B3714670078DE58 /* StructForDecode */ = {
			isa = PBXGroup;
			children = (
				774023DA2B3714790078DE58 /* ProfileResult.swift */,
				774023DC2B3714980078DE58 /* UserResult.swift */,
				774023DE2B3714B30078DE58 /* OAuthTokenResponseBody.swift */,
				774023E22B39773E0078DE58 /* PhotoResult.swift */,
				7782D7952B3EAC450002E3D8 /* isLikedResult.swift */,
			);
			path = StructForDecode;
			sourceTree = "<group>";
		};
		77450FA12ADAFC6100A8C04D = {
			isa = PBXGroup;
			children = (
				77450FAC2ADAFC6100A8C04D /* ImageFeed */,
				77450FAB2ADAFC6100A8C04D /* Products */,
			);
			sourceTree = "<group>";
		};
		77450FAB2ADAFC6100A8C04D /* Products */ = {
			isa = PBXGroup;
			children = (
				77450FAA2ADAFC6100A8C04D /* ImageFeed.app */,
				774023EE2B3A20670078DE58 /* ImageFeedTests.xctest */,
			);
			name = Products;
			sourceTree = "<group>";
		};
		77450FAC2ADAFC6100A8C04D /* ImageFeed */ = {
			isa = PBXGroup;
			children = (
				774023D92B3714670078DE58 /* StructForDecode */,
				774023CA2B34F6A40078DE58 /* Extension */,
				77E4FEDF2B30F23200CCEC1F /* SplashViewC */,
				77E4FED22B1513F000CCEC1F /* Auth */,
				775DDCCB2B07536B005D211B /* SingleImage */,
				77075D382B0149C400E27CF0 /* Profile */,
				77BA99052AF65C34005F69BC /* ImagesList */,
				77450FAD2ADAFC6100A8C04D /* AppDelegate.swift */,
				774023D32B363FAD0078DE58 /* TabBarController.swift */,
				77450FAF2ADAFC6100A8C04D /* SceneDelegate.swift */,
				77974E5C2B1364780083D88B /* ApiConstants.swift */,
				77450FB62ADAFC6200A8C04D /* Assets.xcassets */,
				77450FB32ADAFC6100A8C04D /* Main.storyboard */,
				77450FB82ADAFC6200A8C04D /* LaunchScreen.storyboard */,
				77450FBB2ADAFC6200A8C04D /* Info.plist */,
			);
			path = ImageFeed;
			sourceTree = "<group>";
		};
		775DDCCB2B07536B005D211B /* SingleImage */ = {
			isa = PBXGroup;
			children = (
				7715397E2B0170600031015D /* SingleImageViewController.swift */,
			);
			path = SingleImage;
			sourceTree = "<group>";
		};
		77BA99052AF65C34005F69BC /* ImagesList */ = {
			isa = PBXGroup;
			children = (
				77BA99032AF65BF7005F69BC /* ImagesListCell.swift */,
				77450FB12ADAFC6100A8C04D /* ImagesListViewController.swift */,
				774023E02B3976810078DE58 /* ImagesListService.swift */,
				774023E42B39958C0078DE58 /* Photo.swift */,
			);
			path = ImagesList;
			sourceTree = "<group>";
		};
		77E4FED22B1513F000CCEC1F /* Auth */ = {
			isa = PBXGroup;
			children = (
				77E4FED32B15142C00CCEC1F /* AuthViewController.swift */,
				77E4FED52B15155B00CCEC1F /* WebViewViewController.swift */,
				77E4FED72B2BAA3D00CCEC1F /* OAuth2Service.swift */,
				77E4FED92B2F77C200CCEC1F /* OAuth2TokenStorage.swift */,
				774023C02B33A7BC0078DE58 /* UIBlockingProgressHUD.swift */,
			);
			path = Auth;
			sourceTree = "<group>";
		};
		77E4FEDF2B30F23200CCEC1F /* SplashViewC */ = {
			isa = PBXGroup;
			children = (
				77E4FEE02B30F24600CCEC1F /* SplashViewController.swift */,
			);
			path = SplashViewC;
			sourceTree = "<group>";
		};
/* End PBXGroup section */

/* Begin PBXNativeTarget section */
		774023ED2B3A20670078DE58 /* ImageFeedTests */ = {
			isa = PBXNativeTarget;
			buildConfigurationList = 774023F42B3A20670078DE58 /* Build configuration list for PBXNativeTarget "ImageFeedTests" */;
			buildPhases = (
				774023EA2B3A20670078DE58 /* Sources */,
				774023EB2B3A20670078DE58 /* Frameworks */,
				774023EC2B3A20670078DE58 /* Resources */,
			);
			buildRules = (
			);
			dependencies = (
				774023F32B3A20670078DE58 /* PBXTargetDependency */,
			);
			name = ImageFeedTests;
			productName = ImageFeedTests;
			productReference = 774023EE2B3A20670078DE58 /* ImageFeedTests.xctest */;
			productType = "com.apple.product-type.bundle.unit-test";
		};
		77450FA92ADAFC6100A8C04D /* ImageFeed */ = {
			isa = PBXNativeTarget;
			buildConfigurationList = 77450FBE2ADAFC6200A8C04D /* Build configuration list for PBXNativeTarget "ImageFeed" */;
			buildPhases = (
				77450FA62ADAFC6100A8C04D /* Sources */,
				77450FA72ADAFC6100A8C04D /* Frameworks */,
				77450FA82ADAFC6100A8C04D /* Resources */,
			);
			buildRules = (
			);
			dependencies = (
			);
			name = ImageFeed;
			packageProductDependencies = (
				77E4FEE32B310CEB00CCEC1F /* ProgressHUD */,
				774023CE2B350DE60078DE58 /* Kingfisher */,
				774023D12B35189E0078DE58 /* SwiftKeychainWrapper */,
			);
			productName = ImageFeed;
			productReference = 77450FAA2ADAFC6100A8C04D /* ImageFeed.app */;
			productType = "com.apple.product-type.application";
		};
/* End PBXNativeTarget section */

/* Begin PBXProject section */
		77450FA22ADAFC6100A8C04D /* Project object */ = {
			isa = PBXProject;
			attributes = {
				BuildIndependentTargetsInParallel = 1;
				LastSwiftUpdateCheck = 1430;
				LastUpgradeCheck = 1430;
				TargetAttributes = {
					774023ED2B3A20670078DE58 = {
						CreatedOnToolsVersion = 14.3.1;
						TestTargetID = 77450FA92ADAFC6100A8C04D;
					};
					77450FA92ADAFC6100A8C04D = {
						CreatedOnToolsVersion = 14.3.1;
					};
				};
			};
			buildConfigurationList = 77450FA52ADAFC6100A8C04D /* Build configuration list for PBXProject "ImageFeed" */;
			compatibilityVersion = "Xcode 14.0";
			developmentRegion = en;
			hasScannedForEncodings = 0;
			knownRegions = (
				en,
				Base,
			);
			mainGroup = 77450FA12ADAFC6100A8C04D;
			packageReferences = (
				77E4FEE22B310CEB00CCEC1F /* XCRemoteSwiftPackageReference "ProgressHUD" */,
				774023CD2B350DE60078DE58 /* XCRemoteSwiftPackageReference "Kingfisher" */,
				774023D02B35189E0078DE58 /* XCRemoteSwiftPackageReference "SwiftKeychainWrapper" */,
			);
			productRefGroup = 77450FAB2ADAFC6100A8C04D /* Products */;
			projectDirPath = "";
			projectRoot = "";
			targets = (
				77450FA92ADAFC6100A8C04D /* ImageFeed */,
				774023ED2B3A20670078DE58 /* ImageFeedTests */,
			);
		};
/* End PBXProject section */

/* Begin PBXResourcesBuildPhase section */
		774023EC2B3A20670078DE58 /* Resources */ = {
			isa = PBXResourcesBuildPhase;
			buildActionMask = 2147483647;
			files = (
			);
			runOnlyForDeploymentPostprocessing = 0;
		};
		77450FA82ADAFC6100A8C04D /* Resources */ = {
			isa = PBXResourcesBuildPhase;
			buildActionMask = 2147483647;
			files = (
				77450FBA2ADAFC6200A8C04D /* LaunchScreen.storyboard in Resources */,
				77450FB72ADAFC6200A8C04D /* Assets.xcassets in Resources */,
				77450FB52ADAFC6100A8C04D /* Main.storyboard in Resources */,
			);
			runOnlyForDeploymentPostprocessing = 0;
		};
/* End PBXResourcesBuildPhase section */

/* Begin PBXSourcesBuildPhase section */
		774023EA2B3A20670078DE58 /* Sources */ = {
			isa = PBXSourcesBuildPhase;
			buildActionMask = 2147483647;
			files = (
			);
			runOnlyForDeploymentPostprocessing = 0;
		};
		77450FA62ADAFC6100A8C04D /* Sources */ = {
			isa = PBXSourcesBuildPhase;
			buildActionMask = 2147483647;
			files = (
				774023DB2B3714790078DE58 /* ProfileResult.swift in Sources */,
				774023C72B3457980078DE58 /* Profile.swift in Sources */,
				77450FB22ADAFC6100A8C04D /* ImagesListViewController.swift in Sources */,
				7715397F2B0170600031015D /* SingleImageViewController.swift in Sources */,
				774023E72B39C8A60078DE58 /* URLRequestImageList.swift in Sources */,
				7782D7962B3EAC450002E3D8 /* isLikedResult.swift in Sources */,
				77075D3A2B0149DE00E27CF0 /* ProfileViewController.swift in Sources */,
				77BA99042AF65BF7005F69BC /* ImagesListCell.swift in Sources */,
				774023E52B39958C0078DE58 /* Photo.swift in Sources */,
				77E4FEDA2B2F77C200CCEC1F /* OAuth2TokenStorage.swift in Sources */,
				77E4FEE12B30F24600CCEC1F /* SplashViewController.swift in Sources */,
				774023DD2B3714980078DE58 /* UserResult.swift in Sources */,
				774023E32B39773E0078DE58 /* PhotoResult.swift in Sources */,
				77E4FED42B15142C00CCEC1F /* AuthViewController.swift in Sources */,
				77E4FED82B2BAA3D00CCEC1F /* OAuth2Service.swift in Sources */,
				774023D62B3710B70078DE58 /* NetworkError.swift in Sources */,
				774023CC2B34F6C30078DE58 /* URLSession.swift in Sources */,
				774023E12B3976810078DE58 /* ImagesListService.swift in Sources */,
				774023D42B363FAD0078DE58 /* TabBarController.swift in Sources */,
				774023DF2B3714B30078DE58 /* OAuthTokenResponseBody.swift in Sources */,
				77974E5D2B1364780083D88B /* ApiConstants.swift in Sources */,
				77450FAE2ADAFC6100A8C04D /* AppDelegate.swift in Sources */,
				77E4FED62B15155B00CCEC1F /* WebViewViewController.swift in Sources */,
				774023D82B37117B0078DE58 /* URLRequest.swift in Sources */,
				77450FB02ADAFC6100A8C04D /* SceneDelegate.swift in Sources */,
				774023C12B33A7BC0078DE58 /* UIBlockingProgressHUD.swift in Sources */,
				774023C92B34BAF50078DE58 /* ProfileImageService.swift in Sources */,
				774023C32B3455EC0078DE58 /* ProfileService.swift in Sources */,
			);
			runOnlyForDeploymentPostprocessing = 0;
		};
/* End PBXSourcesBuildPhase section */

/* Begin PBXTargetDependency section */
		774023F32B3A20670078DE58 /* PBXTargetDependency */ = {
			isa = PBXTargetDependency;
			target = 77450FA92ADAFC6100A8C04D /* ImageFeed */;
			targetProxy = 774023F22B3A20670078DE58 /* PBXContainerItemProxy */;
		};
/* End PBXTargetDependency section */

/* Begin PBXVariantGroup section */
		77450FB32ADAFC6100A8C04D /* Main.storyboard */ = {
			isa = PBXVariantGroup;
			children = (
				77450FB42ADAFC6100A8C04D /* Base */,
			);
			name = Main.storyboard;
			sourceTree = "<group>";
		};
		77450FB82ADAFC6200A8C04D /* LaunchScreen.storyboard */ = {
			isa = PBXVariantGroup;
			children = (
				77450FB92ADAFC6200A8C04D /* Base */,
			);
			name = LaunchScreen.storyboard;
			sourceTree = "<group>";
		};
/* End PBXVariantGroup section */

/* Begin XCBuildConfiguration section */
		774023F52B3A20670078DE58 /* Debug */ = {
			isa = XCBuildConfiguration;
			buildSettings = {
				BUNDLE_LOADER = "$(TEST_HOST)";
				CODE_SIGN_STYLE = Automatic;
				CURRENT_PROJECT_VERSION = 1;
				DEVELOPMENT_TEAM = 5FT98XXVFH;
				GENERATE_INFOPLIST_FILE = YES;
				IPHONEOS_DEPLOYMENT_TARGET = 16.4;
				MARKETING_VERSION = 1.0;
				PRODUCT_BUNDLE_IDENTIFIER = ru.olgapawpaw.ImageFeedTests;
				PRODUCT_NAME = "$(TARGET_NAME)";
				SWIFT_EMIT_LOC_STRINGS = NO;
				SWIFT_VERSION = 5.0;
				TARGETED_DEVICE_FAMILY = "1,2";
				TEST_HOST = "$(BUILT_PRODUCTS_DIR)/ImageFeed.app/$(BUNDLE_EXECUTABLE_FOLDER_PATH)/ImageFeed";
			};
			name = Debug;
		};
		774023F62B3A20670078DE58 /* Release */ = {
			isa = XCBuildConfiguration;
			buildSettings = {
				BUNDLE_LOADER = "$(TEST_HOST)";
				CODE_SIGN_STYLE = Automatic;
				CURRENT_PROJECT_VERSION = 1;
				DEVELOPMENT_TEAM = 5FT98XXVFH;
				GENERATE_INFOPLIST_FILE = YES;
				IPHONEOS_DEPLOYMENT_TARGET = 16.4;
				MARKETING_VERSION = 1.0;
				PRODUCT_BUNDLE_IDENTIFIER = ru.olgapawpaw.ImageFeedTests;
				PRODUCT_NAME = "$(TARGET_NAME)";
				SWIFT_EMIT_LOC_STRINGS = NO;
				SWIFT_VERSION = 5.0;
				TARGETED_DEVICE_FAMILY = "1,2";
				TEST_HOST = "$(BUILT_PRODUCTS_DIR)/ImageFeed.app/$(BUNDLE_EXECUTABLE_FOLDER_PATH)/ImageFeed";
			};
			name = Release;
		};
		77450FBC2ADAFC6200A8C04D /* Debug */ = {
			isa = XCBuildConfiguration;
			buildSettings = {
				ALWAYS_SEARCH_USER_PATHS = NO;
				CLANG_ANALYZER_NONNULL = YES;
				CLANG_ANALYZER_NUMBER_OBJECT_CONVERSION = YES_AGGRESSIVE;
				CLANG_CXX_LANGUAGE_STANDARD = "gnu++20";
				CLANG_ENABLE_MODULES = YES;
				CLANG_ENABLE_OBJC_ARC = YES;
				CLANG_ENABLE_OBJC_WEAK = YES;
				CLANG_WARN_BLOCK_CAPTURE_AUTORELEASING = YES;
				CLANG_WARN_BOOL_CONVERSION = YES;
				CLANG_WARN_COMMA = YES;
				CLANG_WARN_CONSTANT_CONVERSION = YES;
				CLANG_WARN_DEPRECATED_OBJC_IMPLEMENTATIONS = YES;
				CLANG_WARN_DIRECT_OBJC_ISA_USAGE = YES_ERROR;
				CLANG_WARN_DOCUMENTATION_COMMENTS = YES;
				CLANG_WARN_EMPTY_BODY = YES;
				CLANG_WARN_ENUM_CONVERSION = YES;
				CLANG_WARN_INFINITE_RECURSION = YES;
				CLANG_WARN_INT_CONVERSION = YES;
				CLANG_WARN_NON_LITERAL_NULL_CONVERSION = YES;
				CLANG_WARN_OBJC_IMPLICIT_RETAIN_SELF = YES;
				CLANG_WARN_OBJC_LITERAL_CONVERSION = YES;
				CLANG_WARN_OBJC_ROOT_CLASS = YES_ERROR;
				CLANG_WARN_QUOTED_INCLUDE_IN_FRAMEWORK_HEADER = YES;
				CLANG_WARN_RANGE_LOOP_ANALYSIS = YES;
				CLANG_WARN_STRICT_PROTOTYPES = YES;
				CLANG_WARN_SUSPICIOUS_MOVE = YES;
				CLANG_WARN_UNGUARDED_AVAILABILITY = YES_AGGRESSIVE;
				CLANG_WARN_UNREACHABLE_CODE = YES;
				CLANG_WARN__DUPLICATE_METHOD_MATCH = YES;
				COPY_PHASE_STRIP = NO;
				DEBUG_INFORMATION_FORMAT = dwarf;
				ENABLE_STRICT_OBJC_MSGSEND = YES;
				ENABLE_TESTABILITY = YES;
				GCC_C_LANGUAGE_STANDARD = gnu11;
				GCC_DYNAMIC_NO_PIC = NO;
				GCC_NO_COMMON_BLOCKS = YES;
				GCC_OPTIMIZATION_LEVEL = 0;
				GCC_PREPROCESSOR_DEFINITIONS = (
					"DEBUG=1",
					"$(inherited)",
				);
				GCC_WARN_64_TO_32_BIT_CONVERSION = YES;
				GCC_WARN_ABOUT_RETURN_TYPE = YES_ERROR;
				GCC_WARN_UNDECLARED_SELECTOR = YES;
				GCC_WARN_UNINITIALIZED_AUTOS = YES_AGGRESSIVE;
				GCC_WARN_UNUSED_FUNCTION = YES;
				GCC_WARN_UNUSED_VARIABLE = YES;
				IPHONEOS_DEPLOYMENT_TARGET = 13.0;
				MTL_ENABLE_DEBUG_INFO = INCLUDE_SOURCE;
				MTL_FAST_MATH = YES;
				ONLY_ACTIVE_ARCH = YES;
				SDKROOT = iphoneos;
				SWIFT_ACTIVE_COMPILATION_CONDITIONS = DEBUG;
				SWIFT_OPTIMIZATION_LEVEL = "-Onone";
			};
			name = Debug;
		};
		77450FBD2ADAFC6200A8C04D /* Release */ = {
			isa = XCBuildConfiguration;
			buildSettings = {
				ALWAYS_SEARCH_USER_PATHS = NO;
				CLANG_ANALYZER_NONNULL = YES;
				CLANG_ANALYZER_NUMBER_OBJECT_CONVERSION = YES_AGGRESSIVE;
				CLANG_CXX_LANGUAGE_STANDARD = "gnu++20";
				CLANG_ENABLE_MODULES = YES;
				CLANG_ENABLE_OBJC_ARC = YES;
				CLANG_ENABLE_OBJC_WEAK = YES;
				CLANG_WARN_BLOCK_CAPTURE_AUTORELEASING = YES;
				CLANG_WARN_BOOL_CONVERSION = YES;
				CLANG_WARN_COMMA = YES;
				CLANG_WARN_CONSTANT_CONVERSION = YES;
				CLANG_WARN_DEPRECATED_OBJC_IMPLEMENTATIONS = YES;
				CLANG_WARN_DIRECT_OBJC_ISA_USAGE = YES_ERROR;
				CLANG_WARN_DOCUMENTATION_COMMENTS = YES;
				CLANG_WARN_EMPTY_BODY = YES;
				CLANG_WARN_ENUM_CONVERSION = YES;
				CLANG_WARN_INFINITE_RECURSION = YES;
				CLANG_WARN_INT_CONVERSION = YES;
				CLANG_WARN_NON_LITERAL_NULL_CONVERSION = YES;
				CLANG_WARN_OBJC_IMPLICIT_RETAIN_SELF = YES;
				CLANG_WARN_OBJC_LITERAL_CONVERSION = YES;
				CLANG_WARN_OBJC_ROOT_CLASS = YES_ERROR;
				CLANG_WARN_QUOTED_INCLUDE_IN_FRAMEWORK_HEADER = YES;
				CLANG_WARN_RANGE_LOOP_ANALYSIS = YES;
				CLANG_WARN_STRICT_PROTOTYPES = YES;
				CLANG_WARN_SUSPICIOUS_MOVE = YES;
				CLANG_WARN_UNGUARDED_AVAILABILITY = YES_AGGRESSIVE;
				CLANG_WARN_UNREACHABLE_CODE = YES;
				CLANG_WARN__DUPLICATE_METHOD_MATCH = YES;
				COPY_PHASE_STRIP = NO;
				DEBUG_INFORMATION_FORMAT = "dwarf-with-dsym";
				ENABLE_NS_ASSERTIONS = NO;
				ENABLE_STRICT_OBJC_MSGSEND = YES;
				GCC_C_LANGUAGE_STANDARD = gnu11;
				GCC_NO_COMMON_BLOCKS = YES;
				GCC_WARN_64_TO_32_BIT_CONVERSION = YES;
				GCC_WARN_ABOUT_RETURN_TYPE = YES_ERROR;
				GCC_WARN_UNDECLARED_SELECTOR = YES;
				GCC_WARN_UNINITIALIZED_AUTOS = YES_AGGRESSIVE;
				GCC_WARN_UNUSED_FUNCTION = YES;
				GCC_WARN_UNUSED_VARIABLE = YES;
				IPHONEOS_DEPLOYMENT_TARGET = 13.0;
				MTL_ENABLE_DEBUG_INFO = NO;
				MTL_FAST_MATH = YES;
				SDKROOT = iphoneos;
				SWIFT_COMPILATION_MODE = wholemodule;
				SWIFT_OPTIMIZATION_LEVEL = "-O";
				VALIDATE_PRODUCT = YES;
			};
			name = Release;
		};
		77450FBF2ADAFC6200A8C04D /* Debug */ = {
			isa = XCBuildConfiguration;
			buildSettings = {
				ASSETCATALOG_COMPILER_APPICON_NAME = AppIcon;
				ASSETCATALOG_COMPILER_GLOBAL_ACCENT_COLOR_NAME = AccentColor;
				CODE_SIGN_STYLE = Automatic;
				CURRENT_PROJECT_VERSION = 1;
				DEVELOPMENT_TEAM = 5FT98XXVFH;
				GENERATE_INFOPLIST_FILE = YES;
				INFOPLIST_FILE = ImageFeed/Info.plist;
				INFOPLIST_KEY_UIApplicationSupportsIndirectInputEvents = YES;
				INFOPLIST_KEY_UILaunchStoryboardName = LaunchScreen;
				INFOPLIST_KEY_UIMainStoryboardFile = Main;
				INFOPLIST_KEY_UIStatusBarStyle = "";
				INFOPLIST_KEY_UISupportedInterfaceOrientations = UIInterfaceOrientationPortrait;
				IPHONEOS_DEPLOYMENT_TARGET = 13.0;
				LD_RUNPATH_SEARCH_PATHS = (
					"$(inherited)",
					"@executable_path/Frameworks",
				);
				MARKETING_VERSION = 1.0;
				PRODUCT_BUNDLE_IDENTIFIER = ru.olgapawpaw.ImageFeed;
				PRODUCT_NAME = "$(TARGET_NAME)";
				SUPPORTED_PLATFORMS = "iphoneos iphonesimulator";
				SUPPORTS_MACCATALYST = NO;
				SUPPORTS_MAC_DESIGNED_FOR_IPHONE_IPAD = YES;
				SWIFT_EMIT_LOC_STRINGS = YES;
				SWIFT_VERSION = 5.0;
				TARGETED_DEVICE_FAMILY = 1;
			};
			name = Debug;
		};
		77450FC02ADAFC6200A8C04D /* Release */ = {
			isa = XCBuildConfiguration;
			buildSettings = {
				ASSETCATALOG_COMPILER_APPICON_NAME = AppIcon;
				ASSETCATALOG_COMPILER_GLOBAL_ACCENT_COLOR_NAME = AccentColor;
				CODE_SIGN_STYLE = Automatic;
				CURRENT_PROJECT_VERSION = 1;
				DEVELOPMENT_TEAM = 5FT98XXVFH;
				GENERATE_INFOPLIST_FILE = YES;
				INFOPLIST_FILE = ImageFeed/Info.plist;
				INFOPLIST_KEY_UIApplicationSupportsIndirectInputEvents = YES;
				INFOPLIST_KEY_UILaunchStoryboardName = LaunchScreen;
				INFOPLIST_KEY_UIMainStoryboardFile = Main;
				INFOPLIST_KEY_UIStatusBarStyle = "";
				INFOPLIST_KEY_UISupportedInterfaceOrientations = UIInterfaceOrientationPortrait;
				IPHONEOS_DEPLOYMENT_TARGET = 13.0;
				LD_RUNPATH_SEARCH_PATHS = (
					"$(inherited)",
					"@executable_path/Frameworks",
				);
				MARKETING_VERSION = 1.0;
				PRODUCT_BUNDLE_IDENTIFIER = ru.olgapawpaw.ImageFeed;
				PRODUCT_NAME = "$(TARGET_NAME)";
				SUPPORTED_PLATFORMS = "iphoneos iphonesimulator";
				SUPPORTS_MACCATALYST = NO;
				SUPPORTS_MAC_DESIGNED_FOR_IPHONE_IPAD = YES;
				SWIFT_EMIT_LOC_STRINGS = YES;
				SWIFT_VERSION = 5.0;
				TARGETED_DEVICE_FAMILY = 1;
			};
			name = Release;
		};
/* End XCBuildConfiguration section */

/* Begin XCConfigurationList section */
		774023F42B3A20670078DE58 /* Build configuration list for PBXNativeTarget "ImageFeedTests" */ = {
			isa = XCConfigurationList;
			buildConfigurations = (
				774023F52B3A20670078DE58 /* Debug */,
				774023F62B3A20670078DE58 /* Release */,
			);
			defaultConfigurationIsVisible = 0;
			defaultConfigurationName = Release;
		};
		77450FA52ADAFC6100A8C04D /* Build configuration list for PBXProject "ImageFeed" */ = {
			isa = XCConfigurationList;
			buildConfigurations = (
				77450FBC2ADAFC6200A8C04D /* Debug */,
				77450FBD2ADAFC6200A8C04D /* Release */,
			);
			defaultConfigurationIsVisible = 0;
			defaultConfigurationName = Release;
		};
		77450FBE2ADAFC6200A8C04D /* Build configuration list for PBXNativeTarget "ImageFeed" */ = {
			isa = XCConfigurationList;
			buildConfigurations = (
				77450FBF2ADAFC6200A8C04D /* Debug */,
				77450FC02ADAFC6200A8C04D /* Release */,
			);
			defaultConfigurationIsVisible = 0;
			defaultConfigurationName = Release;
		};
/* End XCConfigurationList section */

/* Begin XCRemoteSwiftPackageReference section */
		774023CD2B350DE60078DE58 /* XCRemoteSwiftPackageReference "Kingfisher" */ = {
			isa = XCRemoteSwiftPackageReference;
			repositoryURL = "https://github.com/onevcat/Kingfisher";
			requirement = {
				kind = upToNextMajorVersion;
				minimumVersion = 7.0.0;
			};
		};
		774023D02B35189E0078DE58 /* XCRemoteSwiftPackageReference "SwiftKeychainWrapper" */ = {
			isa = XCRemoteSwiftPackageReference;
			repositoryURL = "https://github.com/jrendel/SwiftKeychainWrapper";
			requirement = {
				kind = upToNextMajorVersion;
				minimumVersion = 4.0.0;
			};
		};
		77E4FEE22B310CEB00CCEC1F /* XCRemoteSwiftPackageReference "ProgressHUD" */ = {
			isa = XCRemoteSwiftPackageReference;
			repositoryURL = "https://github.com/relatedcode/ProgressHUD";
			requirement = {
				kind = upToNextMajorVersion;
				minimumVersion = 13.6.1;
			};
		};
/* End XCRemoteSwiftPackageReference section */

/* Begin XCSwiftPackageProductDependency section */
		774023CE2B350DE60078DE58 /* Kingfisher */ = {
			isa = XCSwiftPackageProductDependency;
			package = 774023CD2B350DE60078DE58 /* XCRemoteSwiftPackageReference "Kingfisher" */;
			productName = Kingfisher;
		};
		774023D12B35189E0078DE58 /* SwiftKeychainWrapper */ = {
			isa = XCSwiftPackageProductDependency;
			package = 774023D02B35189E0078DE58 /* XCRemoteSwiftPackageReference "SwiftKeychainWrapper" */;
			productName = SwiftKeychainWrapper;
		};
		77E4FEE32B310CEB00CCEC1F /* ProgressHUD */ = {
			isa = XCSwiftPackageProductDependency;
			package = 77E4FEE22B310CEB00CCEC1F /* XCRemoteSwiftPackageReference "ProgressHUD" */;
			productName = ProgressHUD;
		};
/* End XCSwiftPackageProductDependency section */
	};
	rootObject = 77450FA22ADAFC6100A8C04D /* Project object */;
}
